
Microsoft Visual Studio Solution File, Format Version 12.00
# Visual Studio Version 17
VisualStudioVersion = 17.4.33205.214
MinimumVisualStudioVersion = 10.0.40219.1
Project("{FAE04EC0-301F-11D3-BF4B-00C04F79EFBC}") = "Leetcode", "Leetcode\Leetcode.csproj", "{8D3D9C66-595D-48B5-890F-2BDDD3F924D7}"
EndProject
Global
	GlobalSection(SolutionConfigurationPlatforms) = preSolution
		Debug|Any CPU = Debug|Any CPU
		Release|Any CPU = Release|Any CPU
	EndGlobalSection
	GlobalSection(ProjectConfigurationPlatforms) = postSolution
		{8D3D9C66-595D-48B5-890F-2BDDD3F924D7}.Debug|Any CPU.ActiveCfg = Debug|Any CPU
		{8D3D9C66-595D-48B5-890F-2BDDD3F924D7}.Debug|Any CPU.Build.0 = Debug|Any CPU
		{8D3D9C66-595D-48B5-890F-2BDDD3F924D7}.Release|Any CPU.ActiveCfg = Release|Any CPU
		{8D3D9C66-595D-48B5-890F-2BDDD3F924D7}.Release|Any CPU.Build.0 = Release|Any CPU
	EndGlobalSection
	GlobalSection(SolutionProperties) = preSolution
		HideSolutionNode = FALSE
	EndGlobalSection
	GlobalSection(ExtensibilityGlobals) = postSolution
		SolutionGuid = {7675A662-F7C8-4C3B-A1F0-47EB61256096}
	EndGlobalSection
EndGlobal
